
Microsoft Visual Studio Solution File, Format Version 12.00
# Visual Studio Version 16
VisualStudioVersion = 16.0.31729.503
MinimumVisualStudioVersion = 10.0.40219.1
Project("{FAE04EC0-301F-11D3-BF4B-00C04F79EFBC}") = "Mecatena", "Mecatena.csproj", "{5BDC0BB3-B1A9-4741-A7C5-D8C7CC51A112}"
EndProject
Global
	GlobalSection(SolutionConfigurationPlatforms) = preSolution
		Debug|Any CPU = Debug|Any CPU
		Release|Any CPU = Release|Any CPU
	EndGlobalSection
	GlobalSection(ProjectConfigurationPlatforms) = postSolution
		{5BDC0BB3-B1A9-4741-A7C5-D8C7CC51A112}.Debug|Any CPU.ActiveCfg = Debug|Any CPU
		{5BDC0BB3-B1A9-4741-A7C5-D8C7CC51A112}.Debug|Any CPU.Build.0 = Debug|Any CPU
		{5BDC0BB3-B1A9-4741-A7C5-D8C7CC51A112}.Release|Any CPU.ActiveCfg = Release|Any CPU
		{5BDC0BB3-B1A9-4741-A7C5-D8C7CC51A112}.Release|Any CPU.Build.0 = Release|Any CPU
	EndGlobalSection
	GlobalSection(SolutionProperties) = preSolution
		HideSolutionNode = FALSE
	EndGlobalSection
	GlobalSection(ExtensibilityGlobals) = postSolution
		SolutionGuid = {18A1EF1C-75A3-4D39-B03D-A0011EA9070C}
	EndGlobalSection
EndGlobal
